
Microsoft Visual Studio Solution File, Format Version 12.00
# Visual Studio Version 17
VisualStudioVersion = 17.2.32616.157
MinimumVisualStudioVersion = 10.0.40219.1
Project("{FAE04EC0-301F-11D3-BF4B-00C04F79EFBC}") = "Sypher", "Sypher\Sypher.csproj", "{333FAFE1-ED8E-45AA-9F62-EEB3DE676344}"
EndProject
Global
	GlobalSection(SolutionConfigurationPlatforms) = preSolution
		Debug|Any CPU = Debug|Any CPU
		Release|Any CPU = Release|Any CPU
	EndGlobalSection
	GlobalSection(ProjectConfigurationPlatforms) = postSolution
		{333FAFE1-ED8E-45AA-9F62-EEB3DE676344}.Debug|Any CPU.ActiveCfg = Debug|Any CPU
		{333FAFE1-ED8E-45AA-9F62-EEB3DE676344}.Debug|Any CPU.Build.0 = Debug|Any CPU
		{333FAFE1-ED8E-45AA-9F62-EEB3DE676344}.Release|Any CPU.ActiveCfg = Release|Any CPU
		{333FAFE1-ED8E-45AA-9F62-EEB3DE676344}.Release|Any CPU.Build.0 = Release|Any CPU
	EndGlobalSection
	GlobalSection(SolutionProperties) = preSolution
		HideSolutionNode = FALSE
	EndGlobalSection
	GlobalSection(ExtensibilityGlobals) = postSolution
		SolutionGuid = {76988AD0-15EE-4D2A-9B72-56D798642BB0}
	EndGlobalSection
EndGlobal
